// !$*UTF8*$!
{
	archiveVersion = 1;
	classes = {
	};
	objectVersion = 46;
	objects = {

/* Begin PBXBuildFile section */
		5BC253FB1D3D7FF00054AE5A /* AppDelegate.swift in Sources */ = {isa = PBXBuildFile; fileRef = 5BC253FA1D3D7FF00054AE5A /* AppDelegate.swift */; };
		5BC253FD1D3D7FF00054AE5A /* ViewController.swift in Sources */ = {isa = PBXBuildFile; fileRef = 5BC253FC1D3D7FF00054AE5A /* ViewController.swift */; };
		5BC254001D3D7FF00054AE5A /* Main.storyboard in Resources */ = {isa = PBXBuildFile; fileRef = 5BC253FE1D3D7FF00054AE5A /* Main.storyboard */; };
		5BC254021D3D7FF00054AE5A /* Assets.xcassets in Resources */ = {isa = PBXBuildFile; fileRef = 5BC254011D3D7FF00054AE5A /* Assets.xcassets */; };
		5BC254051D3D7FF00054AE5A /* LaunchScreen.storyboard in Resources */ = {isa = PBXBuildFile; fileRef = 5BC254031D3D7FF00054AE5A /* LaunchScreen.storyboard */; };
		5BC254101D3D7FF00054AE5A /* ClassesInitTests.swift in Sources */ = {isa = PBXBuildFile; fileRef = 5BC2540F1D3D7FF00054AE5A /* ClassesInitTests.swift */; };
		B2D2706C59B3EEE63F36C7E4 /* Pods_ClassesInit.framework in Frameworks */ = {isa = PBXBuildFile; fileRef = 4EB782EBBEB2257292B1C247 /* Pods_ClassesInit.framework */; };
		EFC5231D60A32A6BF51CD5C6 /* Pods_ClassesInitTests.framework in Frameworks */ = {isa = PBXBuildFile; fileRef = EF4845538D60F38B50491819 /* Pods_ClassesInitTests.framework */; };
/* End PBXBuildFile section */

/* Begin PBXContainerItemProxy section */
		5BC2540C1D3D7FF00054AE5A /* PBXContainerItemProxy */ = {
			isa = PBXContainerItemProxy;
			containerPortal = 5BC253EF1D3D7FEF0054AE5A /* Project object */;
			proxyType = 1;
			remoteGlobalIDString = 5BC253F61D3D7FF00054AE5A;
			remoteInfo = ClassesInit;
		};
/* End PBXContainerItemProxy section */

/* Begin PBXFileReference section */
		39A0FAA45A2FC3133F41EB20 /* Pods-ClassesInitTests.debug.xcconfig */ = {isa = PBXFileReference; includeInIndex = 1; lastKnownFileType = text.xcconfig; name = "Pods-ClassesInitTests.debug.xcconfig"; path = "Pods/Target Support Files/Pods-ClassesInitTests/Pods-ClassesInitTests.debug.xcconfig"; sourceTree = "<group>"; };
		4EB782EBBEB2257292B1C247 /* Pods_ClassesInit.framework */ = {isa = PBXFileReference; explicitFileType = wrapper.framework; includeInIndex = 0; path = Pods_ClassesInit.framework; sourceTree = BUILT_PRODUCTS_DIR; };
		5BC253F71D3D7FF00054AE5A /* ClassesInit.app */ = {isa = PBXFileReference; explicitFileType = wrapper.application; includeInIndex = 0; path = ClassesInit.app; sourceTree = BUILT_PRODUCTS_DIR; };
		5BC253FA1D3D7FF00054AE5A /* AppDelegate.swift */ = {isa = PBXFileReference; lastKnownFileType = sourcecode.swift; path = AppDelegate.swift; sourceTree = "<group>"; };
		5BC253FC1D3D7FF00054AE5A /* ViewController.swift */ = {isa = PBXFileReference; lastKnownFileType = sourcecode.swift; path = ViewController.swift; sourceTree = "<group>"; };
		5BC253FF1D3D7FF00054AE5A /* Base */ = {isa = PBXFileReference; lastKnownFileType = file.storyboard; name = Base; path = Base.lproj/Main.storyboard; sourceTree = "<group>"; };
		5BC254011D3D7FF00054AE5A /* Assets.xcassets */ = {isa = PBXFileReference; lastKnownFileType = folder.assetcatalog; path = Assets.xcassets; sourceTree = "<group>"; };
		5BC254041D3D7FF00054AE5A /* Base */ = {isa = PBXFileReference; lastKnownFileType = file.storyboard; name = Base; path = Base.lproj/LaunchScreen.storyboard; sourceTree = "<group>"; };
		5BC254061D3D7FF00054AE5A /* Info.plist */ = {isa = PBXFileReference; lastKnownFileType = text.plist.xml; path = Info.plist; sourceTree = "<group>"; };
		5BC2540B1D3D7FF00054AE5A /* ClassesInitTests.xctest */ = {isa = PBXFileReference; explicitFileType = wrapper.cfbundle; includeInIndex = 0; path = ClassesInitTests.xctest; sourceTree = BUILT_PRODUCTS_DIR; };
		5BC2540F1D3D7FF00054AE5A /* ClassesInitTests.swift */ = {isa = PBXFileReference; lastKnownFileType = sourcecode.swift; path = ClassesInitTests.swift; sourceTree = "<group>"; };
		5BC254111D3D7FF00054AE5A /* Info.plist */ = {isa = PBXFileReference; lastKnownFileType = text.plist.xml; path = Info.plist; sourceTree = "<group>"; };
		BA1EE05B9105AD7716C72D88 /* Pods-ClassesInitTests.release.xcconfig */ = {isa = PBXFileReference; includeInIndex = 1; lastKnownFileType = text.xcconfig; name = "Pods-ClassesInitTests.release.xcconfig"; path = "Pods/Target Support Files/Pods-ClassesInitTests/Pods-ClassesInitTests.release.xcconfig"; sourceTree = "<group>"; };
		BEDE6402F8180A1E9CDE8E7B /* Pods-ClassesInit.debug.xcconfig */ = {isa = PBXFileReference; includeInIndex = 1; lastKnownFileType = text.xcconfig; name = "Pods-ClassesInit.debug.xcconfig"; path = "Pods/Target Support Files/Pods-ClassesInit/Pods-ClassesInit.debug.xcconfig"; sourceTree = "<group>"; };
		E579C6AFBFF600768D5E797C /* Pods-ClassesInit.release.xcconfig */ = {isa = PBXFileReference; includeInIndex = 1; lastKnownFileType = text.xcconfig; name = "Pods-ClassesInit.release.xcconfig"; path = "Pods/Target Support Files/Pods-ClassesInit/Pods-ClassesInit.release.xcconfig"; sourceTree = "<group>"; };
		EF4845538D60F38B50491819 /* Pods_ClassesInitTests.framework */ = {isa = PBXFileReference; explicitFileType = wrapper.framework; includeInIndex = 0; path = Pods_ClassesInitTests.framework; sourceTree = BUILT_PRODUCTS_DIR; };
/* End PBXFileReference section */

/* Begin PBXFrameworksBuildPhase section */
		5BC253F41D3D7FF00054AE5A /* Frameworks */ = {
			isa = PBXFrameworksBuildPhase;
			buildActionMask = 2147483647;
			files = (
				B2D2706C59B3EEE63F36C7E4 /* Pods_ClassesInit.framework in Frameworks */,
			);
			runOnlyForDeploymentPostprocessing = 0;
		};
		5BC254081D3D7FF00054AE5A /* Frameworks */ = {
			isa = PBXFrameworksBuildPhase;
			buildActionMask = 2147483647;
			files = (
				EFC5231D60A32A6BF51CD5C6 /* Pods_ClassesInitTests.framework in Frameworks */,
			);
			runOnlyForDeploymentPostprocessing = 0;
		};
/* End PBXFrameworksBuildPhase section */

/* Begin PBXGroup section */
		2763F4AA84133F84490F4FEC /* Pods */ = {
			isa = PBXGroup;
			children = (
				BEDE6402F8180A1E9CDE8E7B /* Pods-ClassesInit.debug.xcconfig */,
				E579C6AFBFF600768D5E797C /* Pods-ClassesInit.release.xcconfig */,
				39A0FAA45A2FC3133F41EB20 /* Pods-ClassesInitTests.debug.xcconfig */,
				BA1EE05B9105AD7716C72D88 /* Pods-ClassesInitTests.release.xcconfig */,
			);
			name = Pods;
			sourceTree = "<group>";
		};
		5BC253EE1D3D7FEF0054AE5A = {
			isa = PBXGroup;
			children = (
				5BC253F91D3D7FF00054AE5A /* ClassesInit */,
				5BC2540E1D3D7FF00054AE5A /* ClassesInitTests */,
				5BC253F81D3D7FF00054AE5A /* Products */,
				2763F4AA84133F84490F4FEC /* Pods */,
				F4056FCC9D45A430061B4E38 /* Frameworks */,
			);
			sourceTree = "<group>";
		};
		5BC253F81D3D7FF00054AE5A /* Products */ = {
			isa = PBXGroup;
			children = (
				5BC253F71D3D7FF00054AE5A /* ClassesInit.app */,
				5BC2540B1D3D7FF00054AE5A /* ClassesInitTests.xctest */,
			);
			name = Products;
			sourceTree = "<group>";
		};
		5BC253F91D3D7FF00054AE5A /* ClassesInit */ = {
			isa = PBXGroup;
			children = (
				5BC253FC1D3D7FF00054AE5A /* ViewController.swift */,
				5BC2541A1D3D80250054AE5A /* Supporting Files */,
			);
			path = ClassesInit;
			sourceTree = "<group>";
		};
		5BC2540E1D3D7FF00054AE5A /* ClassesInitTests */ = {
			isa = PBXGroup;
			children = (
				5BC2540F1D3D7FF00054AE5A /* ClassesInitTests.swift */,
				5BC254111D3D7FF00054AE5A /* Info.plist */,
			);
			path = ClassesInitTests;
			sourceTree = "<group>";
		};
		5BC2541A1D3D80250054AE5A /* Supporting Files */ = {
			isa = PBXGroup;
			children = (
				5BC253FA1D3D7FF00054AE5A /* AppDelegate.swift */,
				5BC253FE1D3D7FF00054AE5A /* Main.storyboard */,
				5BC254011D3D7FF00054AE5A /* Assets.xcassets */,
				5BC254031D3D7FF00054AE5A /* LaunchScreen.storyboard */,
				5BC254061D3D7FF00054AE5A /* Info.plist */,
			);
			name = "Supporting Files";
			sourceTree = "<group>";
		};
		F4056FCC9D45A430061B4E38 /* Frameworks */ = {
			isa = PBXGroup;
			children = (
				4EB782EBBEB2257292B1C247 /* Pods_ClassesInit.framework */,
				EF4845538D60F38B50491819 /* Pods_ClassesInitTests.framework */,
			);
			name = Frameworks;
			sourceTree = "<group>";
		};
/* End PBXGroup section */

/* Begin PBXNativeTarget section */
		5BC253F61D3D7FF00054AE5A /* ClassesInit */ = {
			isa = PBXNativeTarget;
			buildConfigurationList = 5BC254141D3D7FF00054AE5A /* Build configuration list for PBXNativeTarget "ClassesInit" */;
			buildPhases = (
				B881D496BC290DBD1CF8AAA1 /* [CP] Check Pods Manifest.lock */,
				5BC253F31D3D7FF00054AE5A /* Sources */,
				5BC253F41D3D7FF00054AE5A /* Frameworks */,
				5BC253F51D3D7FF00054AE5A /* Resources */,
				2D52DDED36F441C55ABC0DF7 /* [CP] Embed Pods Frameworks */,
				7743204E4033863D468FAB47 /* [CP] Copy Pods Resources */,
			);
			buildRules = (
			);
			dependencies = (
			);
			name = ClassesInit;
			productName = ClassesInit;
			productReference = 5BC253F71D3D7FF00054AE5A /* ClassesInit.app */;
			productType = "com.apple.product-type.application";
		};
		5BC2540A1D3D7FF00054AE5A /* ClassesInitTests */ = {
			isa = PBXNativeTarget;
			buildConfigurationList = 5BC254171D3D7FF00054AE5A /* Build configuration list for PBXNativeTarget "ClassesInitTests" */;
			buildPhases = (
				D574848B4DE95FAA277AD0F0 /* [CP] Check Pods Manifest.lock */,
				5BC254071D3D7FF00054AE5A /* Sources */,
				5BC254081D3D7FF00054AE5A /* Frameworks */,
				5BC254091D3D7FF00054AE5A /* Resources */,
				351A0B38EB3439CE68253131 /* [CP] Embed Pods Frameworks */,
				16C50ED9C4B1CE21E5ABF0D6 /* [CP] Copy Pods Resources */,
			);
			buildRules = (
			);
			dependencies = (
				5BC2540D1D3D7FF00054AE5A /* PBXTargetDependency */,
			);
			name = ClassesInitTests;
			productName = ClassesInitTests;
			productReference = 5BC2540B1D3D7FF00054AE5A /* ClassesInitTests.xctest */;
			productType = "com.apple.product-type.bundle.unit-test";
		};
/* End PBXNativeTarget section */

/* Begin PBXProject section */
		5BC253EF1D3D7FEF0054AE5A /* Project object */ = {
			isa = PBXProject;
			attributes = {
				LastSwiftUpdateCheck = 0730;
				LastUpgradeCheck = 0730;
				ORGANIZATIONNAME = "Flatiron School";
				TargetAttributes = {
					5BC253F61D3D7FF00054AE5A = {
						CreatedOnToolsVersion = 7.3.1;
					};
					5BC2540A1D3D7FF00054AE5A = {
						CreatedOnToolsVersion = 7.3.1;
						TestTargetID = 5BC253F61D3D7FF00054AE5A;
					};
				};
			};
			buildConfigurationList = 5BC253F21D3D7FEF0054AE5A /* Build configuration list for PBXProject "ClassesInit" */;
			compatibilityVersion = "Xcode 3.2";
			developmentRegion = English;
			hasScannedForEncodings = 0;
			knownRegions = (
				en,
				Base,
			);
			mainGroup = 5BC253EE1D3D7FEF0054AE5A;
			productRefGroup = 5BC253F81D3D7FF00054AE5A /* Products */;
			projectDirPath = "";
			projectRoot = "";
			targets = (
				5BC253F61D3D7FF00054AE5A /* ClassesInit */,
				5BC2540A1D3D7FF00054AE5A /* ClassesInitTests */,
			);
		};
/* End PBXProject section */

/* Begin PBXResourcesBuildPhase section */
		5BC253F51D3D7FF00054AE5A /* Resources */ = {
			isa = PBXResourcesBuildPhase;
			buildActionMask = 2147483647;
			files = (
				5BC254051D3D7FF00054AE5A /* LaunchScreen.storyboard in Resources */,
				5BC254021D3D7FF00054AE5A /* Assets.xcassets in Resources */,
				5BC254001D3D7FF00054AE5A /* Main.storyboard in Resources */,
			);
			runOnlyForDeploymentPostprocessing = 0;
		};
		5BC254091D3D7FF00054AE5A /* Resources */ = {
			isa = PBXResourcesBuildPhase;
			buildActionMask = 2147483647;
			files = (
			);
			runOnlyForDeploymentPostprocessing = 0;
		};
/* End PBXResourcesBuildPhase section */

/* Begin PBXShellScriptBuildPhase section */
		16C50ED9C4B1CE21E5ABF0D6 /* [CP] Copy Pods Resources */ = {
			isa = PBXShellScriptBuildPhase;
			buildActionMask = 2147483647;
			files = (
			);
			inputPaths = (
			);
			name = "[CP] Copy Pods Resources";
			outputPaths = (
			);
			runOnlyForDeploymentPostprocessing = 0;
			shellPath = /bin/sh;
			shellScript = "\"${SRCROOT}/Pods/Target Support Files/Pods-ClassesInitTests/Pods-ClassesInitTests-resources.sh\"\n";
			showEnvVarsInLog = 0;
		};
		2D52DDED36F441C55ABC0DF7 /* [CP] Embed Pods Frameworks */ = {
			isa = PBXShellScriptBuildPhase;
			buildActionMask = 2147483647;
			files = (
			);
			inputPaths = (
			);
			name = "[CP] Embed Pods Frameworks";
			outputPaths = (
			);
			runOnlyForDeploymentPostprocessing = 0;
			shellPath = /bin/sh;
			shellScript = "\"${SRCROOT}/Pods/Target Support Files/Pods-ClassesInit/Pods-ClassesInit-frameworks.sh\"\n";
			showEnvVarsInLog = 0;
		};
		351A0B38EB3439CE68253131 /* [CP] Embed Pods Frameworks */ = {
			isa = PBXShellScriptBuildPhase;
			buildActionMask = 2147483647;
			files = (
			);
			inputPaths = (
			);
			name = "[CP] Embed Pods Frameworks";
			outputPaths = (
			);
			runOnlyForDeploymentPostprocessing = 0;
			shellPath = /bin/sh;
			shellScript = "\"${SRCROOT}/Pods/Target Support Files/Pods-ClassesInitTests/Pods-ClassesInitTests-frameworks.sh\"\n";
			showEnvVarsInLog = 0;
		};
		7743204E4033863D468FAB47 /* [CP] Copy Pods Resources */ = {
			isa = PBXShellScriptBuildPhase;
			buildActionMask = 2147483647;
			files = (
			);
			inputPaths = (
			);
			name = "[CP] Copy Pods Resources";
			outputPaths = (
			);
			runOnlyForDeploymentPostprocessing = 0;
			shellPath = /bin/sh;
			shellScript = "\"${SRCROOT}/Pods/Target Support Files/Pods-ClassesInit/Pods-ClassesInit-resources.sh\"\n";
			showEnvVarsInLog = 0;
		};
		B881D496BC290DBD1CF8AAA1 /* [CP] Check Pods Manifest.lock */ = {
			isa = PBXShellScriptBuildPhase;
			buildActionMask = 2147483647;
			files = (
			);
			inputPaths = (
			);
			name = "[CP] Check Pods Manifest.lock";
			outputPaths = (
			);
			runOnlyForDeploymentPostprocessing = 0;
			shellPath = /bin/sh;
			shellScript = "diff \"${PODS_ROOT}/../Podfile.lock\" \"${PODS_ROOT}/Manifest.lock\" > /dev/null\nif [[ $? != 0 ]] ; then\n    cat << EOM\nerror: The sandbox is not in sync with the Podfile.lock. Run 'pod install' or update your CocoaPods installation.\nEOM\n    exit 1\nfi\n";
			showEnvVarsInLog = 0;
		};
		D574848B4DE95FAA277AD0F0 /* [CP] Check Pods Manifest.lock */ = {
			isa = PBXShellScriptBuildPhase;
			buildActionMask = 2147483647;
			files = (
			);
			inputPaths = (
			);
			name = "[CP] Check Pods Manifest.lock";
			outputPaths = (
			);
			runOnlyForDeploymentPostprocessing = 0;
			shellPath = /bin/sh;
			shellScript = "diff \"${PODS_ROOT}/../Podfile.lock\" \"${PODS_ROOT}/Manifest.lock\" > /dev/null\nif [[ $? != 0 ]] ; then\n    cat << EOM\nerror: The sandbox is not in sync with the Podfile.lock. Run 'pod install' or update your CocoaPods installation.\nEOM\n    exit 1\nfi\n";
			showEnvVarsInLog = 0;
		};
/* End PBXShellScriptBuildPhase section */

/* Begin PBXSourcesBuildPhase section */
		5BC253F31D3D7FF00054AE5A /* Sources */ = {
			isa = PBXSourcesBuildPhase;
			buildActionMask = 2147483647;
			files = (
				5BC253FD1D3D7FF00054AE5A /* ViewController.swift in Sources */,
				5BC253FB1D3D7FF00054AE5A /* AppDelegate.swift in Sources */,
			);
			runOnlyForDeploymentPostprocessing = 0;
		};
		5BC254071D3D7FF00054AE5A /* Sources */ = {
			isa = PBXSourcesBuildPhase;
			buildActionMask = 2147483647;
			files = (
				5BC254101D3D7FF00054AE5A /* ClassesInitTests.swift in Sources */,
			);
			runOnlyForDeploymentPostprocessing = 0;
		};
/* End PBXSourcesBuildPhase section */

/* Begin PBXTargetDependency section */
		5BC2540D1D3D7FF00054AE5A /* PBXTargetDependency */ = {
			isa = PBXTargetDependency;
			target = 5BC253F61D3D7FF00054AE5A /* ClassesInit */;
			targetProxy = 5BC2540C1D3D7FF00054AE5A /* PBXContainerItemProxy */;
		};
/* End PBXTargetDependency section */

/* Begin PBXVariantGroup section */
		5BC253FE1D3D7FF00054AE5A /* Main.storyboard */ = {
			isa = PBXVariantGroup;
			children = (
				5BC253FF1D3D7FF00054AE5A /* Base */,
			);
			name = Main.storyboard;
			sourceTree = "<group>";
		};
		5BC254031D3D7FF00054AE5A /* LaunchScreen.storyboard */ = {
			isa = PBXVariantGroup;
			children = (
				5BC254041D3D7FF00054AE5A /* Base */,
			);
			name = LaunchScreen.storyboard;
			sourceTree = "<group>";
		};
/* End PBXVariantGroup section */

/* Begin XCBuildConfiguration section */
		5BC254121D3D7FF00054AE5A /* Debug */ = {
			isa = XCBuildConfiguration;
			buildSettings = {
				ALWAYS_SEARCH_USER_PATHS = NO;
				CLANG_ANALYZER_NONNULL = YES;
				CLANG_CXX_LANGUAGE_STANDARD = "gnu++0x";
				CLANG_CXX_LIBRARY = "libc++";
				CLANG_ENABLE_MODULES = YES;
				CLANG_ENABLE_OBJC_ARC = YES;
				CLANG_WARN_BOOL_CONVERSION = YES;
				CLANG_WARN_CONSTANT_CONVERSION = YES;
				CLANG_WARN_DIRECT_OBJC_ISA_USAGE = YES_ERROR;
				CLANG_WARN_EMPTY_BODY = YES;
				CLANG_WARN_ENUM_CONVERSION = YES;
				CLANG_WARN_INT_CONVERSION = YES;
				CLANG_WARN_OBJC_ROOT_CLASS = YES_ERROR;
				CLANG_WARN_UNREACHABLE_CODE = YES;
				CLANG_WARN__DUPLICATE_METHOD_MATCH = YES;
				"CODE_SIGN_IDENTITY[sdk=iphoneos*]" = "iPhone Developer";
				COPY_PHASE_STRIP = NO;
				DEBUG_INFORMATION_FORMAT = dwarf;
				ENABLE_STRICT_OBJC_MSGSEND = YES;
				ENABLE_TESTABILITY = YES;
				GCC_C_LANGUAGE_STANDARD = gnu99;
				GCC_DYNAMIC_NO_PIC = NO;
				GCC_NO_COMMON_BLOCKS = YES;
				GCC_OPTIMIZATION_LEVEL = 0;
				GCC_PREPROCESSOR_DEFINITIONS = (
					"DEBUG=1",
					"$(inherited)",
				);
				GCC_WARN_64_TO_32_BIT_CONVERSION = YES;
				GCC_WARN_ABOUT_RETURN_TYPE = YES_ERROR;
				GCC_WARN_UNDECLARED_SELECTOR = YES;
				GCC_WARN_UNINITIALIZED_AUTOS = YES_AGGRESSIVE;
				GCC_WARN_UNUSED_FUNCTION = YES;
				GCC_WARN_UNUSED_VARIABLE = YES;
				IPHONEOS_DEPLOYMENT_TARGET = 9.3;
				MTL_ENABLE_DEBUG_INFO = YES;
				ONLY_ACTIVE_ARCH = YES;
				SDKROOT = iphoneos;
				SWIFT_OPTIMIZATION_LEVEL = "-Onone";
			};
			name = Debug;
		};
		5BC254131D3D7FF00054AE5A /* Release */ = {
			isa = XCBuildConfiguration;
			buildSettings = {
				ALWAYS_SEARCH_USER_PATHS = NO;
				CLANG_ANALYZER_NONNULL = YES;
				CLANG_CXX_LANGUAGE_STANDARD = "gnu++0x";
				CLANG_CXX_LIBRARY = "libc++";
				CLANG_ENABLE_MODULES = YES;
				CLANG_ENABLE_OBJC_ARC = YES;
				CLANG_WARN_BOOL_CONVERSION = YES;
				CLANG_WARN_CONSTANT_CONVERSION = YES;
				CLANG_WARN_DIRECT_OBJC_ISA_USAGE = YES_ERROR;
				CLANG_WARN_EMPTY_BODY = YES;
				CLANG_WARN_ENUM_CONVERSION = YES;
				CLANG_WARN_INT_CONVERSION = YES;
				CLANG_WARN_OBJC_ROOT_CLASS = YES_ERROR;
				CLANG_WARN_UNREACHABLE_CODE = YES;
				CLANG_WARN__DUPLICATE_METHOD_MATCH = YES;
				"CODE_SIGN_IDENTITY[sdk=iphoneos*]" = "iPhone Developer";
				COPY_PHASE_STRIP = NO;
				DEBUG_INFORMATION_FORMAT = "dwarf-with-dsym";
				ENABLE_NS_ASSERTIONS = NO;
				ENABLE_STRICT_OBJC_MSGSEND = YES;
				GCC_C_LANGUAGE_STANDARD = gnu99;
				GCC_NO_COMMON_BLOCKS = YES;
				GCC_WARN_64_TO_32_BIT_CONVERSION = YES;
				GCC_WARN_ABOUT_RETURN_TYPE = YES_ERROR;
				GCC_WARN_UNDECLARED_SELECTOR = YES;
				GCC_WARN_UNINITIALIZED_AUTOS = YES_AGGRESSIVE;
				GCC_WARN_UNUSED_FUNCTION = YES;
				GCC_WARN_UNUSED_VARIABLE = YES;
				IPHONEOS_DEPLOYMENT_TARGET = 9.3;
				MTL_ENABLE_DEBUG_INFO = NO;
				SDKROOT = iphoneos;
				VALIDATE_PRODUCT = YES;
			};
			name = Release;
		};
		5BC254151D3D7FF00054AE5A /* Debug */ = {
			isa = XCBuildConfiguration;
			baseConfigurationReference = BEDE6402F8180A1E9CDE8E7B /* Pods-ClassesInit.debug.xcconfig */;
			buildSettings = {
				ASSETCATALOG_COMPILER_APPICON_NAME = AppIcon;
				INFOPLIST_FILE = ClassesInit/Info.plist;
				LD_RUNPATH_SEARCH_PATHS = "$(inherited) @executable_path/Frameworks";
				PRODUCT_BUNDLE_IDENTIFIER = com.flatironSchool.ClassesInit;
				PRODUCT_NAME = "$(TARGET_NAME)";
			};
			name = Debug;
		};
		5BC254161D3D7FF00054AE5A /* Release */ = {
			isa = XCBuildConfiguration;
			baseConfigurationReference = E579C6AFBFF600768D5E797C /* Pods-ClassesInit.release.xcconfig */;
			buildSettings = {
				ASSETCATALOG_COMPILER_APPICON_NAME = AppIcon;
				INFOPLIST_FILE = ClassesInit/Info.plist;
				LD_RUNPATH_SEARCH_PATHS = "$(inherited) @executable_path/Frameworks";
				PRODUCT_BUNDLE_IDENTIFIER = com.flatironSchool.ClassesInit;
				PRODUCT_NAME = "$(TARGET_NAME)";
			};
			name = Release;
		};
		5BC254181D3D7FF00054AE5A /* Debug */ = {
			isa = XCBuildConfiguration;
			baseConfigurationReference = 39A0FAA45A2FC3133F41EB20 /* Pods-ClassesInitTests.debug.xcconfig */;
			buildSettings = {
				BUNDLE_LOADER = "$(TEST_HOST)";
				INFOPLIST_FILE = ClassesInitTests/Info.plist;
				LD_RUNPATH_SEARCH_PATHS = "$(inherited) @executable_path/Frameworks @loader_path/Frameworks";
				PRODUCT_BUNDLE_IDENTIFIER = com.flatironSchool.ClassesInitTests;
				PRODUCT_NAME = "$(TARGET_NAME)";
				TEST_HOST = "$(BUILT_PRODUCTS_DIR)/ClassesInit.app/ClassesInit";
			};
			name = Debug;
		};
		5BC254191D3D7FF00054AE5A /* Release */ = {
			isa = XCBuildConfiguration;
			baseConfigurationReference = BA1EE05B9105AD7716C72D88 /* Pods-ClassesInitTests.release.xcconfig */;
			buildSettings = {
				BUNDLE_LOADER = "$(TEST_HOST)";
				INFOPLIST_FILE = ClassesInitTests/Info.plist;
				LD_RUNPATH_SEARCH_PATHS = "$(inherited) @executable_path/Frameworks @loader_path/Frameworks";
				PRODUCT_BUNDLE_IDENTIFIER = com.flatironSchool.ClassesInitTests;
				PRODUCT_NAME = "$(TARGET_NAME)";
				TEST_HOST = "$(BUILT_PRODUCTS_DIR)/ClassesInit.app/ClassesInit";
			};
			name = Release;
		};
/* End XCBuildConfiguration section */

/* Begin XCConfigurationList section */
		5BC253F21D3D7FEF0054AE5A /* Build configuration list for PBXProject "ClassesInit" */ = {
			isa = XCConfigurationList;
			buildConfigurations = (
				5BC254121D3D7FF00054AE5A /* Debug */,
				5BC254131D3D7FF00054AE5A /* Release */,
			);
			defaultConfigurationIsVisible = 0;
			defaultConfigurationName = Release;
		};
		5BC254141D3D7FF00054AE5A /* Build configuration list for PBXNativeTarget "ClassesInit" */ = {
			isa = XCConfigurationList;
			buildConfigurations = (
				5BC254151D3D7FF00054AE5A /* Debug */,
				5BC254161D3D7FF00054AE5A /* Release */,
			);
			defaultConfigurationIsVisible = 0;
			defaultConfigurationName = Release;
		};
		5BC254171D3D7FF00054AE5A /* Build configuration list for PBXNativeTarget "ClassesInitTests" */ = {
			isa = XCConfigurationList;
			buildConfigurations = (
				5BC254181D3D7FF00054AE5A /* Debug */,
				5BC254191D3D7FF00054AE5A /* Release */,
			);
			defaultConfigurationIsVisible = 0;
			defaultConfigurationName = Release;
		};
/* End XCConfigurationList section */
	};
	rootObject = 5BC253EF1D3D7FEF0054AE5A /* Project object */;
}
